
Microsoft Visual Studio Solution File, Format Version 12.00
# Visual Studio Version 16
VisualStudioVersion = 16.0.29411.108
MinimumVisualStudioVersion = 10.0.40219.1
Project("{888888A0-9F3D-457C-B088-3A5042F75D52}") = "FileRenamer", "FileRenamer\FileRenamer.pyproj", "{37052D46-4879-4638-B47D-B078D6528AD9}"
EndProject
Global
	GlobalSection(SolutionConfigurationPlatforms) = preSolution
		Debug|Any CPU = Debug|Any CPU
		Release|Any CPU = Release|Any CPU
	EndGlobalSection
	GlobalSection(ProjectConfigurationPlatforms) = postSolution
		{37052D46-4879-4638-B47D-B078D6528AD9}.Debug|Any CPU.ActiveCfg = Debug|Any CPU
		{37052D46-4879-4638-B47D-B078D6528AD9}.Release|Any CPU.ActiveCfg = Release|Any CPU
	EndGlobalSection
	GlobalSection(SolutionProperties) = preSolution
		HideSolutionNode = FALSE
	EndGlobalSection
	GlobalSection(ExtensibilityGlobals) = postSolution
		SolutionGuid = {10051312-CFDC-4E84-8CC9-49A5DFE61E3A}
	EndGlobalSection
EndGlobal
